// !$*UTF8*$!
{
	archiveVersion = 1;
	classes = {
	};
	objectVersion = 56;
	objects = {

/* Begin PBXBuildFile section */
		51A205733005047A0036224E /* Localizable.xcstrings in Resources */ = {isa = PBXBuildFile; fileRef = 51A205723005047A0036224E /* Localizable.xcstrings */; };
		51A20577300504900036224E /* DateExtension.swift in Sources */ = {isa = PBXBuildFile; fileRef = 51A20574300504900036224E /* DateExtension.swift */; };
		51A20578300504900036224E /* StringExtension.swift in Sources */ = {isa = PBXBuildFile; fileRef = 51A20575300504900036224E /* StringExtension.swift */; };
		51A2057A300505510036224E /* ToDoTableViewCell.swift in Sources */ = {isa = PBXBuildFile; fileRef = 51A20579300505510036224E /* ToDoTableViewCell.swift */; };
		51A2057C300505650036224E /* ToDoDetailViewController.swift in Sources */ = {isa = PBXBuildFile; fileRef = 51A2057B300505650036224E /* ToDoDetailViewController.swift */; };
		FD1A59182C8603250030DA7C /* Launch Screen.storyboard in Resources */ = {isa = PBXBuildFile; fileRef = FD1A59172C8603250030DA7C /* Launch Screen.storyboard */; };
		FD6A4B832C80BE40002432F7 /* ToDo.xcdatamodeld in Sources */ = {isa = PBXBuildFile; fileRef = FD6A4B812C80BE40002432F7 /* ToDo.xcdatamodeld */; };
		FD6A4B8F2C80C267002432F7 /* PersistenseService.swift in Sources */ = {isa = PBXBuildFile; fileRef = FD6A4B8E2C80C267002432F7 /* PersistenseService.swift */; };
		FD6A4B922C80C294002432F7 /* CoreDataService.swift in Sources */ = {isa = PBXBuildFile; fileRef = FD6A4B912C80C294002432F7 /* CoreDataService.swift */; };
		FD6A4B942C80C4B3002432F7 /* EntityMapper.swift in Sources */ = {isa = PBXBuildFile; fileRef = FD6A4B932C80C4B3002432F7 /* EntityMapper.swift */; };
		FD725DB62C7F4B030013C0C1 /* ToDoEntity.swift in Sources */ = {isa = PBXBuildFile; fileRef = FD725DB52C7F4B030013C0C1 /* ToDoEntity.swift */; };
		FD725DB82C7F4B1D0013C0C1 /* ToDoViewController.swift in Sources */ = {isa = PBXBuildFile; fileRef = FD725DB72C7F4B1D0013C0C1 /* ToDoViewController.swift */; };
		FD725DBA2C7F4B310013C0C1 /* ToDoPresenter.swift in Sources */ = {isa = PBXBuildFile; fileRef = FD725DB92C7F4B310013C0C1 /* ToDoPresenter.swift */; };
		FD725DBC2C7F4B3F0013C0C1 /* ToDoRouter.swift in Sources */ = {isa = PBXBuildFile; fileRef = FD725DBB2C7F4B3F0013C0C1 /* ToDoRouter.swift */; };
		FD725DBE2C7F4B560013C0C1 /* ToDoInteractor.swift in Sources */ = {isa = PBXBuildFile; fileRef = FD725DBD2C7F4B560013C0C1 /* ToDoInteractor.swift */; };
		FD725DC02C7F4B6E0013C0C1 /* ToDoProtocols.swift in Sources */ = {isa = PBXBuildFile; fileRef = FD725DBF2C7F4B6E0013C0C1 /* ToDoProtocols.swift */; };
		FD725DC32C7F5F0E0013C0C1 /* Constants.swift in Sources */ = {isa = PBXBuildFile; fileRef = FD725DC22C7F5F0E0013C0C1 /* Constants.swift */; };
		FD725DCF2C808E710013C0C1 /* APIHelper.swift in Sources */ = {isa = PBXBuildFile; fileRef = FD725DCE2C808E710013C0C1 /* APIHelper.swift */; };
		FD725DD32C80987E0013C0C1 /* ToDoAPIService.swift in Sources */ = {isa = PBXBuildFile; fileRef = FD725DD22C80987E0013C0C1 /* ToDoAPIService.swift */; };
		FD725DD52C80A1230013C0C1 /* HTTPResponse.swift in Sources */ = {isa = PBXBuildFile; fileRef = FD725DD42C80A1230013C0C1 /* HTTPResponse.swift */; };
		FDD6A2F42C7C9FF3009E2122 /* AppDelegate.swift in Sources */ = {isa = PBXBuildFile; fileRef = FDD6A2F32C7C9FF3009E2122 /* AppDelegate.swift */; };
		FDD6A2F62C7C9FF3009E2122 /* SceneDelegate.swift in Sources */ = {isa = PBXBuildFile; fileRef = FDD6A2F52C7C9FF3009E2122 /* SceneDelegate.swift */; };
		FDD6A2FD2C7C9FF8009E2122 /* Assets.xcassets in Resources */ = {isa = PBXBuildFile; fileRef = FDD6A2FC2C7C9FF8009E2122 /* Assets.xcassets */; };
		FDF857FE2C85C60D00A0748B /* RadioButton.swift in Sources */ = {isa = PBXBuildFile; fileRef = FDF857FD2C85C60D00A0748B /* RadioButton.swift */; };
/* End PBXBuildFile section */

/* Begin PBXFileReference section */
		51A205723005047A0036224E /* Localizable.xcstrings */ = {isa = PBXFileReference; lastKnownFileType = text.json.xcstrings; path = Localizable.xcstrings; sourceTree = "<group>"; };
		51A20574300504900036224E /* DateExtension.swift */ = {isa = PBXFileReference; lastKnownFileType = sourcecode.swift; path = DateExtension.swift; sourceTree = "<group>"; };
		51A20575300504900036224E /* StringExtension.swift */ = {isa = PBXFileReference; lastKnownFileType = sourcecode.swift; path = StringExtension.swift; sourceTree = "<group>"; };
		51A20579300505510036224E /* ToDoTableViewCell.swift */ = {isa = PBXFileReference; lastKnownFileType = sourcecode.swift; path = ToDoTableViewCell.swift; sourceTree = "<group>"; };
		51A2057B300505650036224E /* ToDoDetailViewController.swift */ = {isa = PBXFileReference; lastKnownFileType = sourcecode.swift; path = ToDoDetailViewController.swift; sourceTree = "<group>"; };
		FD1A59172C8603250030DA7C /* Launch Screen.storyboard */ = {isa = PBXFileReference; lastKnownFileType = file.storyboard; path = "Launch Screen.storyboard"; sourceTree = "<group>"; };
		FD6A4B822C80BE40002432F7 /* ToDo.xcdatamodel */ = {isa = PBXFileReference; lastKnownFileType = wrapper.xcdatamodel; path = ToDo.xcdatamodel; sourceTree = "<group>"; };
		FD6A4B8E2C80C267002432F7 /* PersistenseService.swift */ = {isa = PBXFileReference; lastKnownFileType = sourcecode.swift; path = PersistenseService.swift; sourceTree = "<group>"; };
		FD6A4B912C80C294002432F7 /* CoreDataService.swift */ = {isa = PBXFileReference; lastKnownFileType = sourcecode.swift; path = CoreDataService.swift; sourceTree = "<group>"; };
		FD6A4B932C80C4B3002432F7 /* EntityMapper.swift */ = {isa = PBXFileReference; lastKnownFileType = sourcecode.swift; path = EntityMapper.swift; sourceTree = "<group>"; };
		FD725DB52C7F4B030013C0C1 /* ToDoEntity.swift */ = {isa = PBXFileReference; lastKnownFileType = sourcecode.swift; path = ToDoEntity.swift; sourceTree = "<group>"; };
		FD725DB72C7F4B1D0013C0C1 /* ToDoViewController.swift */ = {isa = PBXFileReference; lastKnownFileType = sourcecode.swift; path = ToDoViewController.swift; sourceTree = "<group>"; };
		FD725DB92C7F4B310013C0C1 /* ToDoPresenter.swift */ = {isa = PBXFileReference; lastKnownFileType = sourcecode.swift; path = ToDoPresenter.swift; sourceTree = "<group>"; };
		FD725DBB2C7F4B3F0013C0C1 /* ToDoRouter.swift */ = {isa = PBXFileReference; lastKnownFileType = sourcecode.swift; path = ToDoRouter.swift; sourceTree = "<group>"; };
		FD725DBD2C7F4B560013C0C1 /* ToDoInteractor.swift */ = {isa = PBXFileReference; lastKnownFileType = sourcecode.swift; path = ToDoInteractor.swift; sourceTree = "<group>"; };
		FD725DBF2C7F4B6E0013C0C1 /* ToDoProtocols.swift */ = {isa = PBXFileReference; lastKnownFileType = sourcecode.swift; path = ToDoProtocols.swift; sourceTree = "<group>"; };
		FD725DC22C7F5F0E0013C0C1 /* Constants.swift */ = {isa = PBXFileReference; lastKnownFileType = sourcecode.swift; path = Constants.swift; sourceTree = "<group>"; };
		FD725DCE2C808E710013C0C1 /* APIHelper.swift */ = {isa = PBXFileReference; lastKnownFileType = sourcecode.swift; path = APIHelper.swift; sourceTree = "<group>"; };
		FD725DD22C80987E0013C0C1 /* ToDoAPIService.swift */ = {isa = PBXFileReference; lastKnownFileType = sourcecode.swift; path = ToDoAPIService.swift; sourceTree = "<group>"; };
		FD725DD42C80A1230013C0C1 /* HTTPResponse.swift */ = {isa = PBXFileReference; lastKnownFileType = sourcecode.swift; path = HTTPResponse.swift; sourceTree = "<group>"; };
		FDD6A2F02C7C9FF3009E2122 /* To-do.app */ = {isa = PBXFileReference; explicitFileType = wrapper.application; includeInIndex = 0; path = "To-do.app"; sourceTree = BUILT_PRODUCTS_DIR; };
		FDD6A2F32C7C9FF3009E2122 /* AppDelegate.swift */ = {isa = PBXFileReference; lastKnownFileType = sourcecode.swift; path = AppDelegate.swift; sourceTree = "<group>"; };
		FDD6A2F52C7C9FF3009E2122 /* SceneDelegate.swift */ = {isa = PBXFileReference; lastKnownFileType = sourcecode.swift; path = SceneDelegate.swift; sourceTree = "<group>"; };
		FDD6A2FC2C7C9FF8009E2122 /* Assets.xcassets */ = {isa = PBXFileReference; lastKnownFileType = folder.assetcatalog; path = Assets.xcassets; sourceTree = "<group>"; };
		FDD6A3012C7C9FF8009E2122 /* Info.plist */ = {isa = PBXFileReference; lastKnownFileType = text.plist.xml; path = Info.plist; sourceTree = "<group>"; };
		FDF857FD2C85C60D00A0748B /* RadioButton.swift */ = {isa = PBXFileReference; lastKnownFileType = sourcecode.swift; path = RadioButton.swift; sourceTree = "<group>"; };
/* End PBXFileReference section */

/* Begin PBXFrameworksBuildPhase section */
		FDD6A2ED2C7C9FF3009E2122 /* Frameworks */ = {
			isa = PBXFrameworksBuildPhase;
			buildActionMask = 2147483647;
			files = (
			);
			runOnlyForDeploymentPostprocessing = 0;
		};
/* End PBXFrameworksBuildPhase section */

/* Begin PBXGroup section */
		51A20576300504900036224E /* Extensions */ = {
			isa = PBXGroup;
			children = (
				51A20574300504900036224E /* DateExtension.swift */,
				51A20575300504900036224E /* StringExtension.swift */,
			);
			path = Extensions;
			sourceTree = "<group>";
		};
		51A2057F300512B70036224E /* Views */ = {
			isa = PBXGroup;
			children = (
				51A2057B300505650036224E /* ToDoDetailViewController.swift */,
				51A20579300505510036224E /* ToDoTableViewCell.swift */,
				FDF857FD2C85C60D00A0748B /* RadioButton.swift */,
			);
			path = Views;
			sourceTree = "<group>";
		};
		FD6A4B952C80D2F9002432F7 /* Helper */ = {
			isa = PBXGroup;
			children = (
				FD6A4B932C80C4B3002432F7 /* EntityMapper.swift */,
			);
			path = Helper;
			sourceTree = "<group>";
		};
		FD6A4B962C80E269002432F7 /* CoreData */ = {
			isa = PBXGroup;
			children = (
				FD6A4B952C80D2F9002432F7 /* Helper */,
				FD6A4B8E2C80C267002432F7 /* PersistenseService.swift */,
				FD6A4B912C80C294002432F7 /* CoreDataService.swift */,
			);
			path = CoreData;
			sourceTree = "<group>";
		};
		FD6A4B972C80E276002432F7 /* API */ = {
			isa = PBXGroup;
			children = (
				FD725DD22C80987E0013C0C1 /* ToDoAPIService.swift */,
			);
			path = API;
			sourceTree = "<group>";
		};
		FD6A4B982C80E29A002432F7 /* DB */ = {
			isa = PBXGroup;
			children = (
				FD6A4B812C80BE40002432F7 /* ToDo.xcdatamodeld */,
			);
			path = DB;
			sourceTree = "<group>";
		};
		FD725DB12C7F4AA90013C0C1 /* App */ = {
			isa = PBXGroup;
			children = (
				FDD6A2F52C7C9FF3009E2122 /* SceneDelegate.swift */,
				FDD6A2F32C7C9FF3009E2122 /* AppDelegate.swift */,
				FD1A59172C8603250030DA7C /* Launch Screen.storyboard */,
			);
			path = App;
			sourceTree = "<group>";
		};
		FD725DB22C7F4ABC0013C0C1 /* Sources */ = {
			isa = PBXGroup;
			children = (
				51A205723005047A0036224E /* Localizable.xcstrings */,
				FDD6A2FC2C7C9FF8009E2122 /* Assets.xcassets */,
				FDD6A3012C7C9FF8009E2122 /* Info.plist */,
			);
			path = Sources;
			sourceTree = "<group>";
		};
		FD725DB32C7F4AD20013C0C1 /* Modules */ = {
			isa = PBXGroup;
			children = (
				51A20576300504900036224E /* Extensions */,
				FD725DB42C7F4AF10013C0C1 /* ToDo */,
			);
			path = Modules;
			sourceTree = "<group>";
		};
		FD725DB42C7F4AF10013C0C1 /* ToDo */ = {
			isa = PBXGroup;
			children = (
				FD725DCA2C80840F0013C0C1 /* Interactor */,
				FD725DC92C8083F80013C0C1 /* Entity */,
				FD725DC82C8083E80013C0C1 /* Presenter */,
				FD725DC72C8083E00013C0C1 /* Router */,
				FD725DC62C8083D90013C0C1 /* View */,
				FD725DBF2C7F4B6E0013C0C1 /* ToDoProtocols.swift */,
			);
			path = ToDo;
			sourceTree = "<group>";
		};
		FD725DC12C7F5EFE0013C0C1 /* Constants */ = {
			isa = PBXGroup;
			children = (
				FD725DC22C7F5F0E0013C0C1 /* Constants.swift */,
			);
			path = Constants;
			sourceTree = "<group>";
		};
		FD725DC62C8083D90013C0C1 /* View */ = {
			isa = PBXGroup;
			children = (
				FD725DB72C7F4B1D0013C0C1 /* ToDoViewController.swift */,
				51A2057F300512B70036224E /* Views */,
			);
			path = View;
			sourceTree = "<group>";
		};
		FD725DC72C8083E00013C0C1 /* Router */ = {
			isa = PBXGroup;
			children = (
				FD725DBB2C7F4B3F0013C0C1 /* ToDoRouter.swift */,
			);
			path = Router;
			sourceTree = "<group>";
		};
		FD725DC82C8083E80013C0C1 /* Presenter */ = {
			isa = PBXGroup;
			children = (
				FD725DB92C7F4B310013C0C1 /* ToDoPresenter.swift */,
			);
			path = Presenter;
			sourceTree = "<group>";
		};
		FD725DC92C8083F80013C0C1 /* Entity */ = {
			isa = PBXGroup;
			children = (
				FD725DB52C7F4B030013C0C1 /* ToDoEntity.swift */,
			);
			path = Entity;
			sourceTree = "<group>";
		};
		FD725DCA2C80840F0013C0C1 /* Interactor */ = {
			isa = PBXGroup;
			children = (
				FD725DBD2C7F4B560013C0C1 /* ToDoInteractor.swift */,
			);
			path = Interactor;
			sourceTree = "<group>";
		};
		FD725DCD2C808E540013C0C1 /* Helper */ = {
			isa = PBXGroup;
			children = (
				FD725DCE2C808E710013C0C1 /* APIHelper.swift */,
				FD725DD42C80A1230013C0C1 /* HTTPResponse.swift */,
			);
			path = Helper;
			sourceTree = "<group>";
		};
		FD725DD12C808E990013C0C1 /* Service */ = {
			isa = PBXGroup;
			children = (
				FD6A4B972C80E276002432F7 /* API */,
				FD6A4B962C80E269002432F7 /* CoreData */,
			);
			path = Service;
			sourceTree = "<group>";
		};
		FDD6A2E72C7C9FF3009E2122 = {
			isa = PBXGroup;
			children = (
				FDD6A2F22C7C9FF3009E2122 /* To-do */,
				FDD6A2F12C7C9FF3009E2122 /* Products */,
			);
			sourceTree = "<group>";
		};
		FDD6A2F12C7C9FF3009E2122 /* Products */ = {
			isa = PBXGroup;
			children = (
				FDD6A2F02C7C9FF3009E2122 /* To-do.app */,
			);
			name = Products;
			sourceTree = "<group>";
		};
		FDD6A2F22C7C9FF3009E2122 /* To-do */ = {
			isa = PBXGroup;
			children = (
				FD6A4B982C80E29A002432F7 /* DB */,
				FD725DD12C808E990013C0C1 /* Service */,
				FD725DCD2C808E540013C0C1 /* Helper */,
				FD725DC12C7F5EFE0013C0C1 /* Constants */,
				FD725DB32C7F4AD20013C0C1 /* Modules */,
				FD725DB22C7F4ABC0013C0C1 /* Sources */,
				FD725DB12C7F4AA90013C0C1 /* App */,
			);
			path = "To-do";
			sourceTree = "<group>";
		};
/* End PBXGroup section */

/* Begin PBXNativeTarget section */
		FDD6A2EF2C7C9FF3009E2122 /* To-do */ = {
			isa = PBXNativeTarget;
			buildConfigurationList = FDD6A3042C7C9FF8009E2122 /* Build configuration list for PBXNativeTarget "To-do" */;
			buildPhases = (
				FDD6A2EC2C7C9FF3009E2122 /* Sources */,
				FDD6A2ED2C7C9FF3009E2122 /* Frameworks */,
				FDD6A2EE2C7C9FF3009E2122 /* Resources */,
			);
			buildRules = (
			);
			dependencies = (
			);
			name = "To-do";
			productName = "To-do";
			productReference = FDD6A2F02C7C9FF3009E2122 /* To-do.app */;
			productType = "com.apple.product-type.application";
		};
/* End PBXNativeTarget section */

/* Begin PBXProject section */
		FDD6A2E82C7C9FF3009E2122 /* Project object */ = {
			isa = PBXProject;
			attributes = {
				BuildIndependentTargetsInParallel = 1;
				LastSwiftUpdateCheck = 2640;
				LastUpgradeCheck = 1520;
				TargetAttributes = {
					FDD6A2EF2C7C9FF3009E2122 = {
						CreatedOnToolsVersion = 15.2;
					};
				};
			};
			buildConfigurationList = FDD6A2EB2C7C9FF3009E2122 /* Build configuration list for PBXProject "To-do" */;
			compatibilityVersion = "Xcode 14.0";
			developmentRegion = en;
			hasScannedForEncodings = 0;
			knownRegions = (
				en,
				Base,
				ru,
			);
			mainGroup = FDD6A2E72C7C9FF3009E2122;
			productRefGroup = FDD6A2F12C7C9FF3009E2122 /* Products */;
			projectDirPath = "";
			projectRoot = "";
			targets = (
				FDD6A2EF2C7C9FF3009E2122 /* To-do */,
			);
		};
/* End PBXProject section */

/* Begin PBXResourcesBuildPhase section */
		FDD6A2EE2C7C9FF3009E2122 /* Resources */ = {
			isa = PBXResourcesBuildPhase;
			buildActionMask = 2147483647;
			files = (
				FD1A59182C8603250030DA7C /* Launch Screen.storyboard in Resources */,
				FDD6A2FD2C7C9FF8009E2122 /* Assets.xcassets in Resources */,
				51A205733005047A0036224E /* Localizable.xcstrings in Resources */,
			);
			runOnlyForDeploymentPostprocessing = 0;
		};
/* End PBXResourcesBuildPhase section */

/* Begin PBXSourcesBuildPhase section */
		FDD6A2EC2C7C9FF3009E2122 /* Sources */ = {
			isa = PBXSourcesBuildPhase;
			buildActionMask = 2147483647;
			files = (
				51A2057A300505510036224E /* ToDoTableViewCell.swift in Sources */,
				FD725DBE2C7F4B560013C0C1 /* ToDoInteractor.swift in Sources */,
				FD725DB82C7F4B1D0013C0C1 /* ToDoViewController.swift in Sources */,
				FD6A4B942C80C4B3002432F7 /* EntityMapper.swift in Sources */,
				51A2057C300505650036224E /* ToDoDetailViewController.swift in Sources */,
				FD725DC02C7F4B6E0013C0C1 /* ToDoProtocols.swift in Sources */,
				FD725DD32C80987E0013C0C1 /* ToDoAPIService.swift in Sources */,
				FD6A4B922C80C294002432F7 /* CoreDataService.swift in Sources */,
				FDD6A2F42C7C9FF3009E2122 /* AppDelegate.swift in Sources */,
				FD725DB62C7F4B030013C0C1 /* ToDoEntity.swift in Sources */,
				FD725DBA2C7F4B310013C0C1 /* ToDoPresenter.swift in Sources */,
				FDF857FE2C85C60D00A0748B /* RadioButton.swift in Sources */,
				FDD6A2F62C7C9FF3009E2122 /* SceneDelegate.swift in Sources */,
				51A20577300504900036224E /* DateExtension.swift in Sources */,
				51A20578300504900036224E /* StringExtension.swift in Sources */,
				FD725DBC2C7F4B3F0013C0C1 /* ToDoRouter.swift in Sources */,
				FD725DCF2C808E710013C0C1 /* APIHelper.swift in Sources */,
				FD6A4B832C80BE40002432F7 /* ToDo.xcdatamodeld in Sources */,
				FD725DD52C80A1230013C0C1 /* HTTPResponse.swift in Sources */,
				FD6A4B8F2C80C267002432F7 /* PersistenseService.swift in Sources */,
				FD725DC32C7F5F0E0013C0C1 /* Constants.swift in Sources */,
			);
			runOnlyForDeploymentPostprocessing = 0;
		};
/* End PBXSourcesBuildPhase section */

/* Begin XCBuildConfiguration section */
		FDD6A3022C7C9FF8009E2122 /* Debug */ = {
			isa = XCBuildConfiguration;
			buildSettings = {
				ALWAYS_SEARCH_USER_PATHS = NO;
				ASSETCATALOG_COMPILER_GENERATE_SWIFT_ASSET_SYMBOL_EXTENSIONS = YES;
				CLANG_ANALYZER_NONNULL = YES;
				CLANG_ANALYZER_NUMBER_OBJECT_CONVERSION = YES_AGGRESSIVE;
				CLANG_CXX_LANGUAGE_STANDARD = "gnu++20";
				CLANG_ENABLE_MODULES = YES;
				CLANG_ENABLE_OBJC_ARC = YES;
				CLANG_ENABLE_OBJC_WEAK = YES;
				CLANG_WARN_BLOCK_CAPTURE_AUTORELEASING = YES;
				CLANG_WARN_BOOL_CONVERSION = YES;
				CLANG_WARN_COMMA = YES;
				CLANG_WARN_CONSTANT_CONVERSION = YES;
				CLANG_WARN_DEPRECATED_OBJC_IMPLEMENTATIONS = YES;
				CLANG_WARN_DIRECT_OBJC_ISA_USAGE = YES_ERROR;
				CLANG_WARN_DOCUMENTATION_COMMENTS = YES;
				CLANG_WARN_EMPTY_BODY = YES;
				CLANG_WARN_ENUM_CONVERSION = YES;
				CLANG_WARN_INFINITE_RECURSION = YES;
				CLANG_WARN_INT_CONVERSION = YES;
				CLANG_WARN_NON_LITERAL_NULL_CONVERSION = YES;
				CLANG_WARN_OBJC_IMPLICIT_RETAIN_SELF = YES;
				CLANG_WARN_OBJC_LITERAL_CONVERSION = YES;
				CLANG_WARN_OBJC_ROOT_CLASS = YES_ERROR;
				CLANG_WARN_QUOTED_INCLUDE_IN_FRAMEWORK_HEADER = YES;
				CLANG_WARN_RANGE_LOOP_ANALYSIS = YES;
				CLANG_WARN_STRICT_PROTOTYPES = YES;
				CLANG_WARN_SUSPICIOUS_MOVE = YES;
				CLANG_WARN_UNGUARDED_AVAILABILITY = YES_AGGRESSIVE;
				CLANG_WARN_UNREACHABLE_CODE = YES;
				CLANG_WARN__DUPLICATE_METHOD_MATCH = YES;
				COPY_PHASE_STRIP = NO;
				DEBUG_INFORMATION_FORMAT = dwarf;
				ENABLE_STRICT_OBJC_MSGSEND = YES;
				ENABLE_TESTABILITY = YES;
				ENABLE_USER_SCRIPT_SANDBOXING = YES;
				GCC_C_LANGUAGE_STANDARD = gnu17;
				GCC_DYNAMIC_NO_PIC = NO;
				GCC_NO_COMMON_BLOCKS = YES;
				GCC_OPTIMIZATION_LEVEL = 0;
				GCC_PREPROCESSOR_DEFINITIONS = (
					"DEBUG=1",
					"$(inherited)",
				);
				GCC_WARN_64_TO_32_BIT_CONVERSION = YES;
				GCC_WARN_ABOUT_RETURN_TYPE = YES_ERROR;
				GCC_WARN_UNDECLARED_SELECTOR = YES;
				GCC_WARN_UNINITIALIZED_AUTOS = YES_AGGRESSIVE;
				GCC_WARN_UNUSED_FUNCTION = YES;
				GCC_WARN_UNUSED_VARIABLE = YES;
				IPHONEOS_DEPLOYMENT_TARGET = 17.2;
				LOCALIZATION_PREFERS_STRING_CATALOGS = YES;
				MTL_ENABLE_DEBUG_INFO = INCLUDE_SOURCE;
				MTL_FAST_MATH = YES;
				ONLY_ACTIVE_ARCH = YES;
				SDKROOT = iphoneos;
				SWIFT_ACTIVE_COMPILATION_CONDITIONS = "DEBUG $(inherited)";
				SWIFT_OPTIMIZATION_LEVEL = "-Onone";
			};
			name = Debug;
		};
		FDD6A3032C7C9FF8009E2122 /* Release */ = {
			isa = XCBuildConfiguration;
			buildSettings = {
				ALWAYS_SEARCH_USER_PATHS = NO;
				ASSETCATALOG_COMPILER_GENERATE_SWIFT_ASSET_SYMBOL_EXTENSIONS = YES;
				CLANG_ANALYZER_NONNULL = YES;
				CLANG_ANALYZER_NUMBER_OBJECT_CONVERSION = YES_AGGRESSIVE;
				CLANG_CXX_LANGUAGE_STANDARD = "gnu++20";
				CLANG_ENABLE_MODULES = YES;
				CLANG_ENABLE_OBJC_ARC = YES;
				CLANG_ENABLE_OBJC_WEAK = YES;
				CLANG_WARN_BLOCK_CAPTURE_AUTORELEASING = YES;
				CLANG_WARN_BOOL_CONVERSION = YES;
				CLANG_WARN_COMMA = YES;
				CLANG_WARN_CONSTANT_CONVERSION = YES;
				CLANG_WARN_DEPRECATED_OBJC_IMPLEMENTATIONS = YES;
				CLANG_WARN_DIRECT_OBJC_ISA_USAGE = YES_ERROR;
				CLANG_WARN_DOCUMENTATION_COMMENTS = YES;
				CLANG_WARN_EMPTY_BODY = YES;
				CLANG_WARN_ENUM_CONVERSION = YES;
				CLANG_WARN_INFINITE_RECURSION = YES;
				CLANG_WARN_INT_CONVERSION = YES;
				CLANG_WARN_NON_LITERAL_NULL_CONVERSION = YES;
				CLANG_WARN_OBJC_IMPLICIT_RETAIN_SELF = YES;
				CLANG_WARN_OBJC_LITERAL_CONVERSION = YES;
				CLANG_WARN_OBJC_ROOT_CLASS = YES_ERROR;
				CLANG_WARN_QUOTED_INCLUDE_IN_FRAMEWORK_HEADER = YES;
				CLANG_WARN_RANGE_LOOP_ANALYSIS = YES;
				CLANG_WARN_STRICT_PROTOTYPES = YES;
				CLANG_WARN_SUSPICIOUS_MOVE = YES;
				CLANG_WARN_UNGUARDED_AVAILABILITY = YES_AGGRESSIVE;
				CLANG_WARN_UNREACHABLE_CODE = YES;
				CLANG_WARN__DUPLICATE_METHOD_MATCH = YES;
				COPY_PHASE_STRIP = NO;
				DEBUG_INFORMATION_FORMAT = "dwarf-with-dsym";
				ENABLE_NS_ASSERTIONS = NO;
				ENABLE_STRICT_OBJC_MSGSEND = YES;
				ENABLE_USER_SCRIPT_SANDBOXING = YES;
				GCC_C_LANGUAGE_STANDARD = gnu17;
				GCC_NO_COMMON_BLOCKS = YES;
				GCC_WARN_64_TO_32_BIT_CONVERSION = YES;
				GCC_WARN_ABOUT_RETURN_TYPE = YES_ERROR;
				GCC_WARN_UNDECLARED_SELECTOR = YES;
				GCC_WARN_UNINITIALIZED_AUTOS = YES_AGGRESSIVE;
				GCC_WARN_UNUSED_FUNCTION = YES;
				GCC_WARN_UNUSED_VARIABLE = YES;
				IPHONEOS_DEPLOYMENT_TARGET = 17.2;
				LOCALIZATION_PREFERS_STRING_CATALOGS = YES;
				MTL_ENABLE_DEBUG_INFO = NO;
				MTL_FAST_MATH = YES;
				SDKROOT = iphoneos;
				SWIFT_COMPILATION_MODE = wholemodule;
				VALIDATE_PRODUCT = YES;
			};
			name = Release;
		};
		FDD6A3052C7C9FF8009E2122 /* Debug */ = {
			isa = XCBuildConfiguration;
			buildSettings = {
				ASSETCATALOG_COMPILER_APPICON_NAME = AppIcon;
				ASSETCATALOG_COMPILER_GLOBAL_ACCENT_COLOR_NAME = AccentColor;
				CODE_SIGN_STYLE = Automatic;
				CURRENT_PROJECT_VERSION = 1;
				DEVELOPMENT_TEAM = A7ZG35C68N;
				GENERATE_INFOPLIST_FILE = YES;
				INFOPLIST_FILE = "To-do/Info.plist";
				INFOPLIST_KEY_UIApplicationSupportsIndirectInputEvents = YES;
				INFOPLIST_KEY_UILaunchStoryboardName = "Launch Screen.storyboard";
				INFOPLIST_KEY_UISupportedInterfaceOrientations_iPhone = UIInterfaceOrientationPortrait;
				LD_RUNPATH_SEARCH_PATHS = (
					"$(inherited)",
					"@executable_path/Frameworks",
				);
				MARKETING_VERSION = 1.0;
				PRODUCT_BUNDLE_IDENTIFIER = "com.zezuykov.To-do";
				PRODUCT_NAME = "$(TARGET_NAME)";
				SUPPORTED_PLATFORMS = "iphoneos iphonesimulator";
				SUPPORTS_MACCATALYST = NO;
				SUPPORTS_XR_DESIGNED_FOR_IPHONE_IPAD = NO;
				SWIFT_EMIT_LOC_STRINGS = YES;
				SWIFT_VERSION = 5.0;
				TARGETED_DEVICE_FAMILY = 1;
			};
			name = Debug;
		};
		FDD6A3062C7C9FF8009E2122 /* Release */ = {
			isa = XCBuildConfiguration;
			buildSettings = {
				ASSETCATALOG_COMPILER_APPICON_NAME = AppIcon;
				ASSETCATALOG_COMPILER_GLOBAL_ACCENT_COLOR_NAME = AccentColor;
				CODE_SIGN_STYLE = Automatic;
				CURRENT_PROJECT_VERSION = 1;
				DEVELOPMENT_TEAM = A7ZG35C68N;
				GENERATE_INFOPLIST_FILE = YES;
				INFOPLIST_FILE = "To-do/Info.plist";
				INFOPLIST_KEY_UIApplicationSupportsIndirectInputEvents = YES;
				INFOPLIST_KEY_UILaunchStoryboardName = "Launch Screen.storyboard";
				INFOPLIST_KEY_UISupportedInterfaceOrientations_iPhone = UIInterfaceOrientationPortrait;
				LD_RUNPATH_SEARCH_PATHS = (
					"$(inherited)",
					"@executable_path/Frameworks",
				);
				MARKETING_VERSION = 1.0;
				PRODUCT_BUNDLE_IDENTIFIER = "com.zezuykov.To-do";
				PRODUCT_NAME = "$(TARGET_NAME)";
				SUPPORTED_PLATFORMS = "iphoneos iphonesimulator";
				SUPPORTS_MACCATALYST = NO;
				SUPPORTS_XR_DESIGNED_FOR_IPHONE_IPAD = NO;
				SWIFT_EMIT_LOC_STRINGS = YES;
				SWIFT_VERSION = 5.0;
				TARGETED_DEVICE_FAMILY = 1;
			};
			name = Release;
		};
/* End XCBuildConfiguration section */

/* Begin XCConfigurationList section */
		FDD6A2EB2C7C9FF3009E2122 /* Build configuration list for PBXProject "To-do" */ = {
			isa = XCConfigurationList;
			buildConfigurations = (
				FDD6A3022C7C9FF8009E2122 /* Debug */,
				FDD6A3032C7C9FF8009E2122 /* Release */,
			);
			defaultConfigurationIsVisible = 0;
			defaultConfigurationName = Release;
		};
		FDD6A3042C7C9FF8009E2122 /* Build configuration list for PBXNativeTarget "To-do" */ = {
			isa = XCConfigurationList;
			buildConfigurations = (
				FDD6A3052C7C9FF8009E2122 /* Debug */,
				FDD6A3062C7C9FF8009E2122 /* Release */,
			);
			defaultConfigurationIsVisible = 0;
			defaultConfigurationName = Release;
		};
/* End XCConfigurationList section */

/* Begin XCVersionGroup section */
		FD6A4B812C80BE40002432F7 /* ToDo.xcdatamodeld */ = {
			isa = XCVersionGroup;
			children = (
				FD6A4B822C80BE40002432F7 /* ToDo.xcdatamodel */,
			);
			currentVersion = FD6A4B822C80BE40002432F7 /* ToDo.xcdatamodel */;
			path = ToDo.xcdatamodeld;
			sourceTree = "<group>";
			versionGroupType = wrapper.xcdatamodel;
		};
/* End XCVersionGroup section */
	};
	rootObject = FDD6A2E82C7C9FF3009E2122 /* Project object */;
}
